
Microsoft Visual Studio Solution File, Format Version 12.00
# Visual Studio Version 16
VisualStudioVersion = 16.0.31229.75
MinimumVisualStudioVersion = 10.0.40219.1
Project("{2150E333-8FDC-42A3-9474-1A3956D46DE8}") = "Tests", "Tests", "{6AF54DF9-6206-40CA-AE17-E5537CBB3960}"
EndProject
Project("{2150E333-8FDC-42A3-9474-1A3956D46DE8}") = "Src", "Src", "{5BC85FA6-5DC7-4615-BD63-950D4C502223}"
EndProject
Project("{2150E333-8FDC-42A3-9474-1A3956D46DE8}") = "Solution Items", "Solution Items", "{B179924F-10FA-4A7A-A3F0-CB9931D380A8}"
	ProjectSection(SolutionItems) = preProject
		README.md = README.md
	EndProjectSection
EndProject
Project("{2150E333-8FDC-42A3-9474-1A3956D46DE8}") = "Core", "Core", "{2C9118E7-F3FB-42A2-A2C7-F22639BFB539}"
EndProject
Project("{9A19103F-16F7-4668-BE54-9A1E7A4F7556}") = "Domain", "Domain\Domain.csproj", "{8CCAECF8-BF8B-48DD-87B2-EF75C496D710}"
EndProject
Project("{9A19103F-16F7-4668-BE54-9A1E7A4F7556}") = "Application", "Application\Application.csproj", "{38014044-7845-4DB4-89AD-5C3E3C8E3969}"
EndProject
Project("{2150E333-8FDC-42A3-9474-1A3956D46DE8}") = "Presentation", "Presentation", "{215B095C-12EC-4650-BF13-C54DCFCBC841}"
EndProject
Project("{2150E333-8FDC-42A3-9474-1A3956D46DE8}") = "Infrastructures", "Infrastructures", "{DECAEB82-B96F-4AF7-B8F4-815BE7FFDFDA}"
EndProject
Project("{9A19103F-16F7-4668-BE54-9A1E7A4F7556}") = "Infrastructure", "Infrastructure\Infrastructure.csproj", "{13946DED-454B-4015-9708-2E98F8B4B4EF}"
EndProject
Project("{9A19103F-16F7-4668-BE54-9A1E7A4F7556}") = "Persistence", "Persistence\Persistence.csproj", "{1E74A3B1-E82A-4E6D-80AA-2CD880EEB71D}"
EndProject
Project("{9A19103F-16F7-4668-BE54-9A1E7A4F7556}") = "WebSite", "WebSite\WebSite.csproj", "{5D3624E8-CB70-4E77-B7A2-F71DEE3CB524}"
EndProject
Project("{FAE04EC0-301F-11D3-BF4B-00C04F79EFBC}") = "Admin", "Admin\Admin.csproj", "{C03C183E-4FE4-4E62-8158-3A063EC05657}"
EndProject
Global
	GlobalSection(SolutionConfigurationPlatforms) = preSolution
		Debug|Any CPU = Debug|Any CPU
		Release|Any CPU = Release|Any CPU
	EndGlobalSection
	GlobalSection(ProjectConfigurationPlatforms) = postSolution
		{8CCAECF8-BF8B-48DD-87B2-EF75C496D710}.Debug|Any CPU.ActiveCfg = Debug|Any CPU
		{8CCAECF8-BF8B-48DD-87B2-EF75C496D710}.Debug|Any CPU.Build.0 = Debug|Any CPU
		{8CCAECF8-BF8B-48DD-87B2-EF75C496D710}.Release|Any CPU.ActiveCfg = Release|Any CPU
		{8CCAECF8-BF8B-48DD-87B2-EF75C496D710}.Release|Any CPU.Build.0 = Release|Any CPU
		{38014044-7845-4DB4-89AD-5C3E3C8E3969}.Debug|Any CPU.ActiveCfg = Debug|Any CPU
		{38014044-7845-4DB4-89AD-5C3E3C8E3969}.Debug|Any CPU.Build.0 = Debug|Any CPU
		{38014044-7845-4DB4-89AD-5C3E3C8E3969}.Release|Any CPU.ActiveCfg = Release|Any CPU
		{38014044-7845-4DB4-89AD-5C3E3C8E3969}.Release|Any CPU.Build.0 = Release|Any CPU
		{13946DED-454B-4015-9708-2E98F8B4B4EF}.Debug|Any CPU.ActiveCfg = Debug|Any CPU
		{13946DED-454B-4015-9708-2E98F8B4B4EF}.Debug|Any CPU.Build.0 = Debug|Any CPU
		{13946DED-454B-4015-9708-2E98F8B4B4EF}.Release|Any CPU.ActiveCfg = Release|Any CPU
		{13946DED-454B-4015-9708-2E98F8B4B4EF}.Release|Any CPU.Build.0 = Release|Any CPU
		{1E74A3B1-E82A-4E6D-80AA-2CD880EEB71D}.Debug|Any CPU.ActiveCfg = Debug|Any CPU
		{1E74A3B1-E82A-4E6D-80AA-2CD880EEB71D}.Debug|Any CPU.Build.0 = Debug|Any CPU
		{1E74A3B1-E82A-4E6D-80AA-2CD880EEB71D}.Release|Any CPU.ActiveCfg = Release|Any CPU
		{1E74A3B1-E82A-4E6D-80AA-2CD880EEB71D}.Release|Any CPU.Build.0 = Release|Any CPU
		{5D3624E8-CB70-4E77-B7A2-F71DEE3CB524}.Debug|Any CPU.ActiveCfg = Debug|Any CPU
		{5D3624E8-CB70-4E77-B7A2-F71DEE3CB524}.Debug|Any CPU.Build.0 = Debug|Any CPU
		{5D3624E8-CB70-4E77-B7A2-F71DEE3CB524}.Release|Any CPU.ActiveCfg = Release|Any CPU
		{5D3624E8-CB70-4E77-B7A2-F71DEE3CB524}.Release|Any CPU.Build.0 = Release|Any CPU
		{C03C183E-4FE4-4E62-8158-3A063EC05657}.Debug|Any CPU.ActiveCfg = Debug|Any CPU
		{C03C183E-4FE4-4E62-8158-3A063EC05657}.Debug|Any CPU.Build.0 = Debug|Any CPU
		{C03C183E-4FE4-4E62-8158-3A063EC05657}.Release|Any CPU.ActiveCfg = Release|Any CPU
		{C03C183E-4FE4-4E62-8158-3A063EC05657}.Release|Any CPU.Build.0 = Release|Any CPU
	EndGlobalSection
	GlobalSection(SolutionProperties) = preSolution
		HideSolutionNode = FALSE
	EndGlobalSection
	GlobalSection(NestedProjects) = preSolution
		{2C9118E7-F3FB-42A2-A2C7-F22639BFB539} = {5BC85FA6-5DC7-4615-BD63-950D4C502223}
		{8CCAECF8-BF8B-48DD-87B2-EF75C496D710} = {2C9118E7-F3FB-42A2-A2C7-F22639BFB539}
		{38014044-7845-4DB4-89AD-5C3E3C8E3969} = {2C9118E7-F3FB-42A2-A2C7-F22639BFB539}
		{215B095C-12EC-4650-BF13-C54DCFCBC841} = {5BC85FA6-5DC7-4615-BD63-950D4C502223}
		{DECAEB82-B96F-4AF7-B8F4-815BE7FFDFDA} = {5BC85FA6-5DC7-4615-BD63-950D4C502223}
		{13946DED-454B-4015-9708-2E98F8B4B4EF} = {DECAEB82-B96F-4AF7-B8F4-815BE7FFDFDA}
		{1E74A3B1-E82A-4E6D-80AA-2CD880EEB71D} = {DECAEB82-B96F-4AF7-B8F4-815BE7FFDFDA}
		{5D3624E8-CB70-4E77-B7A2-F71DEE3CB524} = {215B095C-12EC-4650-BF13-C54DCFCBC841}
		{C03C183E-4FE4-4E62-8158-3A063EC05657} = {215B095C-12EC-4650-BF13-C54DCFCBC841}
	EndGlobalSection
	GlobalSection(ExtensibilityGlobals) = postSolution
		SolutionGuid = {ABCF3F24-FEC8-4E5B-9BC6-096318376D3E}
	EndGlobalSection
EndGlobal
